
Microsoft Visual Studio Solution File, Format Version 12.00
# Visual Studio Version 17
VisualStudioVersion = 17.0.31903.59
MinimumVisualStudioVersion = 10.0.40219.1
Project("{FAE04EC0-301F-11D3-BF4B-00C04F79EFBC}") = "RevisorFRX.Core", "RevisorFRX.Core\RevisorFRX.Core.csproj", "{84FBBB2B-499B-41F3-8B13-488621F51D43}"
EndProject
Project("{FAE04EC0-301F-11D3-BF4B-00C04F79EFBC}") = "RevisorFRX.App", "RevisorFRX.App\RevisorFRX.App.csproj", "{C5472298-4AC1-4432-AC20-27B758E6D453}"
EndProject
Global
	GlobalSection(SolutionConfigurationPlatforms) = preSolution
		Debug|Any CPU = Debug|Any CPU
		Debug|x64 = Debug|x64
		Debug|x86 = Debug|x86
		Release|Any CPU = Release|Any CPU
		Release|x64 = Release|x64
		Release|x86 = Release|x86
	EndGlobalSection
	GlobalSection(ProjectConfigurationPlatforms) = postSolution
		{84FBBB2B-499B-41F3-8B13-488621F51D43}.Debug|Any CPU.ActiveCfg = Debug|Any CPU
		{84FBBB2B-499B-41F3-8B13-488621F51D43}.Debug|Any CPU.Build.0 = Debug|Any CPU
		{84FBBB2B-499B-41F3-8B13-488621F51D43}.Debug|x64.ActiveCfg = Debug|Any CPU
		{84FBBB2B-499B-41F3-8B13-488621F51D43}.Debug|x64.Build.0 = Debug|Any CPU
		{84FBBB2B-499B-41F3-8B13-488621F51D43}.Debug|x86.ActiveCfg = Debug|Any CPU
		{84FBBB2B-499B-41F3-8B13-488621F51D43}.Debug|x86.Build.0 = Debug|Any CPU
		{84FBBB2B-499B-41F3-8B13-488621F51D43}.Release|Any CPU.ActiveCfg = Release|Any CPU
		{84FBBB2B-499B-41F3-8B13-488621F51D43}.Release|Any CPU.Build.0 = Release|Any CPU
		{84FBBB2B-499B-41F3-8B13-488621F51D43}.Release|x64.ActiveCfg = Release|Any CPU
		{84FBBB2B-499B-41F3-8B13-488621F51D43}.Release|x64.Build.0 = Release|Any CPU
		{84FBBB2B-499B-41F3-8B13-488621F51D43}.Release|x86.ActiveCfg = Release|Any CPU
		{84FBBB2B-499B-41F3-8B13-488621F51D43}.Release|x86.Build.0 = Release|Any CPU
		{C5472298-4AC1-4432-AC20-27B758E6D453}.Debug|Any CPU.ActiveCfg = Debug|Any CPU
		{C5472298-4AC1-4432-AC20-27B758E6D453}.Debug|Any CPU.Build.0 = Debug|Any CPU
		{C5472298-4AC1-4432-AC20-27B758E6D453}.Debug|x64.ActiveCfg = Debug|Any CPU
		{C5472298-4AC1-4432-AC20-27B758E6D453}.Debug|x64.Build.0 = Debug|Any CPU
		{C5472298-4AC1-4432-AC20-27B758E6D453}.Debug|x86.ActiveCfg = Debug|Any CPU
		{C5472298-4AC1-4432-AC20-27B758E6D453}.Debug|x86.Build.0 = Debug|Any CPU
		{C5472298-4AC1-4432-AC20-27B758E6D453}.Release|Any CPU.ActiveCfg = Release|Any CPU
		{C5472298-4AC1-4432-AC20-27B758E6D453}.Release|Any CPU.Build.0 = Release|Any CPU
		{C5472298-4AC1-4432-AC20-27B758E6D453}.Release|x64.ActiveCfg = Release|Any CPU
		{C5472298-4AC1-4432-AC20-27B758E6D453}.Release|x64.Build.0 = Release|Any CPU
		{C5472298-4AC1-4432-AC20-27B758E6D453}.Release|x86.ActiveCfg = Release|Any CPU
		{C5472298-4AC1-4432-AC20-27B758E6D453}.Release|x86.Build.0 = Release|Any CPU
	EndGlobalSection
	GlobalSection(SolutionProperties) = preSolution
		HideSolutionNode = FALSE
	EndGlobalSection
EndGlobal
